
Microsoft Visual Studio Solution File, Format Version 12.00
# Visual Studio Version 16
VisualStudioVersion = 16.0.30413.136
MinimumVisualStudioVersion = 10.0.40219.1
Project("{FAE04EC0-301F-11D3-BF4B-00C04F79EFBC}") = "Lesson 8 - Collisions with Rectangles", "Lesson 8 - Collisions with Rectangles\Lesson 8 - Collisions with Rectangles.csproj", "{CCD07F4F-D418-416C-A47C-B99071827905}"
EndProject
Global
	GlobalSection(SolutionConfigurationPlatforms) = preSolution
		Debug|Any CPU = Debug|Any CPU
		Release|Any CPU = Release|Any CPU
	EndGlobalSection
	GlobalSection(ProjectConfigurationPlatforms) = postSolution
		{CCD07F4F-D418-416C-A47C-B99071827905}.Debug|Any CPU.ActiveCfg = Debug|Any CPU
		{CCD07F4F-D418-416C-A47C-B99071827905}.Debug|Any CPU.Build.0 = Debug|Any CPU
		{CCD07F4F-D418-416C-A47C-B99071827905}.Release|Any CPU.ActiveCfg = Release|Any CPU
		{CCD07F4F-D418-416C-A47C-B99071827905}.Release|Any CPU.Build.0 = Release|Any CPU
	EndGlobalSection
	GlobalSection(SolutionProperties) = preSolution
		HideSolutionNode = FALSE
	EndGlobalSection
	GlobalSection(ExtensibilityGlobals) = postSolution
		SolutionGuid = {DC01E85B-2BE7-40EF-9A37-A4E650406DAE}
	EndGlobalSection
EndGlobal
